github.com/abibby/nulls v0.0.0-20201012135326-e405c54bf4e5 h1:WLc+QpFgDj9HUZ9Rfl+iAYQ0hlUVpZ6pX5BAq/yuwGM=
github.com/abibby/nulls v0.0.0-20201012135326-e405c54bf4e5/go.mod h1:Nm6/cK/PYDg+RwGRv5/nAXGJZfu4nGHFp201Dg1HKWQ=
github.com/pkg/errors v0.9.1 h1:FEBLx1zS214owpjy7qsBeixbURkuhQAwrK5UwLGTwt4=
github.com/pkg/errors v0.9.1/go.mod h1:bwawxfHBFNV+L2hUp1rHADufV3IMtnDRdf1r5NINEl0=
